
Microsoft Visual Studio Solution File, Format Version 12.00
# Visual Studio Version 16
VisualStudioVersion = 16.0.29201.188
MinimumVisualStudioVersion = 10.0.40219.1
Project("{FAE04EC0-301F-11D3-BF4B-00C04F79EFBC}") = "identify.Android", "identify\identify.Android\identify.Android.csproj", "{33964C9A-ADE5-423A-99C6-E3E1E24D92D4}"
EndProject
Project("{FAE04EC0-301F-11D3-BF4B-00C04F79EFBC}") = "identify", "identify\identify\identify.csproj", "{7C5AC2CD-FD7C-40CD-8E6A-4633ECD1F4B7}"
EndProject
Global
	GlobalSection(SolutionConfigurationPlatforms) = preSolution
		Debug|Any CPU = Debug|Any CPU
		Debug|iPhone = Debug|iPhone
		Debug|iPhoneSimulator = Debug|iPhoneSimulator
		Release|Any CPU = Release|Any CPU
		Release|iPhone = Release|iPhone
		Release|iPhoneSimulator = Release|iPhoneSimulator
	EndGlobalSection
	GlobalSection(ProjectConfigurationPlatforms) = postSolution
		{33964C9A-ADE5-423A-99C6-E3E1E24D92D4}.Debug|Any CPU.ActiveCfg = Debug|Any CPU
		{33964C9A-ADE5-423A-99C6-E3E1E24D92D4}.Debug|Any CPU.Build.0 = Debug|Any CPU
		{33964C9A-ADE5-423A-99C6-E3E1E24D92D4}.Debug|Any CPU.Deploy.0 = Debug|Any CPU
		{33964C9A-ADE5-423A-99C6-E3E1E24D92D4}.Debug|iPhone.ActiveCfg = Debug|Any CPU
		{33964C9A-ADE5-423A-99C6-E3E1E24D92D4}.Debug|iPhone.Build.0 = Debug|Any CPU
		{33964C9A-ADE5-423A-99C6-E3E1E24D92D4}.Debug|iPhone.Deploy.0 = Debug|Any CPU
		{33964C9A-ADE5-423A-99C6-E3E1E24D92D4}.Debug|iPhoneSimulator.ActiveCfg = Debug|Any CPU
		{33964C9A-ADE5-423A-99C6-E3E1E24D92D4}.Debug|iPhoneSimulator.Build.0 = Debug|Any CPU
		{33964C9A-ADE5-423A-99C6-E3E1E24D92D4}.Debug|iPhoneSimulator.Deploy.0 = Debug|Any CPU
		{33964C9A-ADE5-423A-99C6-E3E1E24D92D4}.Release|Any CPU.ActiveCfg = Release|Any CPU
		{33964C9A-ADE5-423A-99C6-E3E1E24D92D4}.Release|Any CPU.Build.0 = Release|Any CPU
		{33964C9A-ADE5-423A-99C6-E3E1E24D92D4}.Release|Any CPU.Deploy.0 = Release|Any CPU
		{33964C9A-ADE5-423A-99C6-E3E1E24D92D4}.Release|iPhone.ActiveCfg = Release|Any CPU
		{33964C9A-ADE5-423A-99C6-E3E1E24D92D4}.Release|iPhone.Build.0 = Release|Any CPU
		{33964C9A-ADE5-423A-99C6-E3E1E24D92D4}.Release|iPhone.Deploy.0 = Release|Any CPU
		{33964C9A-ADE5-423A-99C6-E3E1E24D92D4}.Release|iPhoneSimulator.ActiveCfg = Release|Any CPU
		{33964C9A-ADE5-423A-99C6-E3E1E24D92D4}.Release|iPhoneSimulator.Build.0 = Release|Any CPU
		{33964C9A-ADE5-423A-99C6-E3E1E24D92D4}.Release|iPhoneSimulator.Deploy.0 = Release|Any CPU
		{7C5AC2CD-FD7C-40CD-8E6A-4633ECD1F4B7}.Debug|Any CPU.ActiveCfg = Debug|Any CPU
		{7C5AC2CD-FD7C-40CD-8E6A-4633ECD1F4B7}.Debug|Any CPU.Build.0 = Debug|Any CPU
		{7C5AC2CD-FD7C-40CD-8E6A-4633ECD1F4B7}.Debug|Any CPU.Deploy.0 = Debug|Any CPU
		{7C5AC2CD-FD7C-40CD-8E6A-4633ECD1F4B7}.Debug|iPhone.ActiveCfg = Debug|Any CPU
		{7C5AC2CD-FD7C-40CD-8E6A-4633ECD1F4B7}.Debug|iPhone.Build.0 = Debug|Any CPU
		{7C5AC2CD-FD7C-40CD-8E6A-4633ECD1F4B7}.Debug|iPhone.Deploy.0 = Debug|Any CPU
		{7C5AC2CD-FD7C-40CD-8E6A-4633ECD1F4B7}.Debug|iPhoneSimulator.ActiveCfg = Debug|Any CPU
		{7C5AC2CD-FD7C-40CD-8E6A-4633ECD1F4B7}.Debug|iPhoneSimulator.Build.0 = Debug|Any CPU
		{7C5AC2CD-FD7C-40CD-8E6A-4633ECD1F4B7}.Debug|iPhoneSimulator.Deploy.0 = Debug|Any CPU
		{7C5AC2CD-FD7C-40CD-8E6A-4633ECD1F4B7}.Release|Any CPU.ActiveCfg = Release|Any CPU
		{7C5AC2CD-FD7C-40CD-8E6A-4633ECD1F4B7}.Release|Any CPU.Build.0 = Release|Any CPU
		{7C5AC2CD-FD7C-40CD-8E6A-4633ECD1F4B7}.Release|Any CPU.Deploy.0 = Release|Any CPU
		{7C5AC2CD-FD7C-40CD-8E6A-4633ECD1F4B7}.Release|iPhone.ActiveCfg = Release|Any CPU
		{7C5AC2CD-FD7C-40CD-8E6A-4633ECD1F4B7}.Release|iPhone.Build.0 = Release|Any CPU
		{7C5AC2CD-FD7C-40CD-8E6A-4633ECD1F4B7}.Release|iPhone.Deploy.0 = Release|Any CPU
		{7C5AC2CD-FD7C-40CD-8E6A-4633ECD1F4B7}.Release|iPhoneSimulator.ActiveCfg = Release|Any CPU
		{7C5AC2CD-FD7C-40CD-8E6A-4633ECD1F4B7}.Release|iPhoneSimulator.Build.0 = Release|Any CPU
		{7C5AC2CD-FD7C-40CD-8E6A-4633ECD1F4B7}.Release|iPhoneSimulator.Deploy.0 = Release|Any CPU
	EndGlobalSection
	GlobalSection(SolutionProperties) = preSolution
		HideSolutionNode = FALSE
	EndGlobalSection
	GlobalSection(ExtensibilityGlobals) = postSolution
		SolutionGuid = {2618549C-16A0-4D70-853F-32DFD01C3978}
	EndGlobalSection
EndGlobal
